PODS:
  - audio_session (0.0.1):
    - Flutter
  - connectivity_plus (0.0.1):
    - Flutter
    - ReachabilitySwift
  - device_info_plus (0.0.1):
    - Flutter
  - f_unity (0.0.1):
    - Flutter
  - ffmpeg-kit-ios-https (5.1)
  - ffmpeg_kit_flutter (5.1.0):
    - ffmpeg_kit_flutter/https (= 5.1.0)
    - Flutter
  - ffmpeg_kit_flutter/https (5.1.0):
    - ffmpeg-kit-ios-https (= 5.1)
    - Flutter
  - Flutter (1.0.0)
  - flutter_keyboard_visibility (0.0.1):
    - Flutter
  - flutter_local_notifications (0.0.1):
    - Flutter
  - http_proxy (0.0.1):
    - Flutter
  - HydraAsync (2.0.6)
  - image_cropper (0.0.4):
    - Flutter
    - TOCropViewController (~> 2.6.1)
  - image_editor_common (1.0.0):
    - Flutter
  - in_app_purchase_storekit (0.0.1):
    - Flutter
    - FlutterMacOS
  - just_audio (0.0.1):
    - Flutter
  - libOpenInstallSDK (2.8.3)
  - link_kit (1.0.1):
    - Flutter
    - link_kit/vendor (= 1.0.1)
  - link_kit/vendor (1.0.1):
    - Flutter
  - media_kit_libs_ios_video (1.0.4):
    - Flutter
  - media_kit_native_event_loop (1.0.0):
    - Flutter
  - media_kit_video (0.0.1):
    - Flutter
  - oaid (0.0.1):
    - Flutter
  - openinstall_flutter_plugin (0.0.1):
    - Flutter
    - libOpenInstallSDK
  - package_info_plus (0.4.5):
    - Flutter
  - path_provider_foundation (0.0.1):
    - Flutter
    - FlutterMacOS
  - pay_plugin (0.0.1):
    - Flutter
  - permission_handler_apple (9.1.1):
    - Flutter
  - photo_manager (2.0.0):
    - Flutter
    - FlutterMacOS
  - ReachabilitySwift (5.2.2)
  - record (0.0.1):
    - Flutter
  - screen_brightness_ios (0.1.0):
    - Flutter
  - share_plus (0.0.1):
    - Flutter
  - sqflite (0.0.3):
    - Flutter
    - FlutterMacOS
  - tencent_cloud_chat_sdk (5.2.4):
    - Flutter
    - HydraAsync
    - TXIMSDK_Plus_iOS (>= 7.4.4661)
  - tencent_kit (6.0.1):
    - Flutter
    - tencent_kit/vendor (= 6.0.1)
  - tencent_kit/vendor (6.0.1):
    - Flutter
  - tencent_trtc_cloud (10.7):
    - Flutter
    - TXCustomBeautyProcesserPlugin (= 1.0.2)
    - TXLiteAVSDK_Professional (~> 11.8.15687)
  - TOCropViewController (2.6.1)
  - TXCustomBeautyProcesserPlugin (1.0.2)
  - TXIMSDK_Plus_iOS (7.9.5666)
  - TXLiteAVSDK_Professional (11.8.15687):
    - TXLiteAVSDK_Professional/Professional (= 11.8.15687)
  - TXLiteAVSDK_Professional/Professional (11.8.15687)
  - url_launcher_ios (0.0.1):
    - Flutter
  - video_compress (0.3.0):
    - Flutter
  - video_player_avfoundation (0.0.1):
    - Flutter
    - FlutterMacOS
  - volume_controller (0.0.1):
    - Flutter
  - wakelock (0.0.1):
    - Flutter
  - wakelock_plus (0.0.1):
    - Flutter
  - webview_flutter_wkwebview (0.0.1):
    - Flutter
  - wechat_kit (5.0.3):
    - Flutter
    - wechat_kit/no_pay (= 5.0.3)
  - wechat_kit/no_pay (5.0.3):
    - Flutter

DEPENDENCIES:
  - audio_session (from `.symlinks/plugins/audio_session/ios`)
  - connectivity_plus (from `.symlinks/plugins/connectivity_plus/ios`)
  - device_info_plus (from `.symlinks/plugins/device_info_plus/ios`)
  - f_unity (from `.symlinks/plugins/f_unity/ios`)
  - ffmpeg_kit_flutter (from `.symlinks/plugins/ffmpeg_kit_flutter/ios`)
  - Flutter (from `Flutter`)
  - flutter_keyboard_visibility (from `.symlinks/plugins/flutter_keyboard_visibility/ios`)
  - flutter_local_notifications (from `.symlinks/plugins/flutter_local_notifications/ios`)
  - http_proxy (from `.symlinks/plugins/http_proxy/ios`)
  - image_cropper (from `.symlinks/plugins/image_cropper/ios`)
  - image_editor_common (from `.symlinks/plugins/image_editor_common/ios`)
  - in_app_purchase_storekit (from `.symlinks/plugins/in_app_purchase_storekit/darwin`)
  - just_audio (from `.symlinks/plugins/just_audio/ios`)
  - link_kit (from `.symlinks/plugins/link_kit/ios`)
  - media_kit_libs_ios_video (from `.symlinks/plugins/media_kit_libs_ios_video/ios`)
  - media_kit_native_event_loop (from `.symlinks/plugins/media_kit_native_event_loop/ios`)
  - media_kit_video (from `.symlinks/plugins/media_kit_video/ios`)
  - oaid (from `.symlinks/plugins/oaid/ios`)
  - openinstall_flutter_plugin (from `.symlinks/plugins/openinstall_flutter_plugin/ios`)
  - package_info_plus (from `.symlinks/plugins/package_info_plus/ios`)
  - path_provider_foundation (from `.symlinks/plugins/path_provider_foundation/darwin`)
  - pay_plugin (from `.symlinks/plugins/pay_plugin/ios`)
  - permission_handler_apple (from `.symlinks/plugins/permission_handler_apple/ios`)
  - photo_manager (from `.symlinks/plugins/photo_manager/ios`)
  - record (from `.symlinks/plugins/record/ios`)
  - screen_brightness_ios (from `.symlinks/plugins/screen_brightness_ios/ios`)
  - share_plus (from `.symlinks/plugins/share_plus/ios`)
  - sqflite (from `.symlinks/plugins/sqflite/darwin`)
  - tencent_cloud_chat_sdk (from `.symlinks/plugins/tencent_cloud_chat_sdk/ios`)
  - tencent_kit (from `.symlinks/plugins/tencent_kit/ios`)
  - tencent_trtc_cloud (from `.symlinks/plugins/tencent_trtc_cloud/ios`)
  - url_launcher_ios (from `.symlinks/plugins/url_launcher_ios/ios`)
  - video_compress (from `.symlinks/plugins/video_compress/ios`)
  - video_player_avfoundation (from `.symlinks/plugins/video_player_avfoundation/darwin`)
  - volume_controller (from `.symlinks/plugins/volume_controller/ios`)
  - wakelock (from `.symlinks/plugins/wakelock/ios`)
  - wakelock_plus (from `.symlinks/plugins/wakelock_plus/ios`)
  - webview_flutter_wkwebview (from `.symlinks/plugins/webview_flutter_wkwebview/ios`)
  - wechat_kit (from `.symlinks/plugins/wechat_kit/ios`)

SPEC REPOS:
  trunk:
    - ffmpeg-kit-ios-https
    - HydraAsync
    - libOpenInstallSDK
    - ReachabilitySwift
    - TOCropViewController
    - TXCustomBeautyProcesserPlugin
    - TXIMSDK_Plus_iOS
    - TXLiteAVSDK_Professional

EXTERNAL SOURCES:
  audio_session:
    :path: ".symlinks/plugins/audio_session/ios"
  connectivity_plus:
    :path: ".symlinks/plugins/connectivity_plus/ios"
  device_info_plus:
    :path: ".symlinks/plugins/device_info_plus/ios"
  f_unity:
    :path: ".symlinks/plugins/f_unity/ios"
  ffmpeg_kit_flutter:
    :path: ".symlinks/plugins/ffmpeg_kit_flutter/ios"
  Flutter:
    :path: Flutter
  flutter_keyboard_visibility:
    :path: ".symlinks/plugins/flutter_keyboard_visibility/ios"
  flutter_local_notifications:
    :path: ".symlinks/plugins/flutter_local_notifications/ios"
  http_proxy:
    :path: ".symlinks/plugins/http_proxy/ios"
  image_cropper:
    :path: ".symlinks/plugins/image_cropper/ios"
  image_editor_common:
    :path: ".symlinks/plugins/image_editor_common/ios"
  in_app_purchase_storekit:
    :path: ".symlinks/plugins/in_app_purchase_storekit/darwin"
  just_audio:
    :path: ".symlinks/plugins/just_audio/ios"
  link_kit:
    :path: ".symlinks/plugins/link_kit/ios"
  media_kit_libs_ios_video:
    :path: ".symlinks/plugins/media_kit_libs_ios_video/ios"
  media_kit_native_event_loop:
    :path: ".symlinks/plugins/media_kit_native_event_loop/ios"
  media_kit_video:
    :path: ".symlinks/plugins/media_kit_video/ios"
  oaid:
    :path: ".symlinks/plugins/oaid/ios"
  openinstall_flutter_plugin:
    :path: ".symlinks/plugins/openinstall_flutter_plugin/ios"
  package_info_plus:
    :path: ".symlinks/plugins/package_info_plus/ios"
  path_provider_foundation:
    :path: ".symlinks/plugins/path_provider_foundation/darwin"
  pay_plugin:
    :path: ".symlinks/plugins/pay_plugin/ios"
  permission_handler_apple:
    :path: ".symlinks/plugins/permission_handler_apple/ios"
  photo_manager:
    :path: ".symlinks/plugins/photo_manager/ios"
  record:
    :path: ".symlinks/plugins/record/ios"
  screen_brightness_ios:
    :path: ".symlinks/plugins/screen_brightness_ios/ios"
  share_plus:
    :path: ".symlinks/plugins/share_plus/ios"
  sqflite:
    :path: ".symlinks/plugins/sqflite/darwin"
  tencent_cloud_chat_sdk:
    :path: ".symlinks/plugins/tencent_cloud_chat_sdk/ios"
  tencent_kit:
    :path: ".symlinks/plugins/tencent_kit/ios"
  tencent_trtc_cloud:
    :path: ".symlinks/plugins/tencent_trtc_cloud/ios"
  url_launcher_ios:
    :path: ".symlinks/plugins/url_launcher_ios/ios"
  video_compress:
    :path: ".symlinks/plugins/video_compress/ios"
  video_player_avfoundation:
    :path: ".symlinks/plugins/video_player_avfoundation/darwin"
  volume_controller:
    :path: ".symlinks/plugins/volume_controller/ios"
  wakelock:
    :path: ".symlinks/plugins/wakelock/ios"
  wakelock_plus:
    :path: ".symlinks/plugins/wakelock_plus/ios"
  webview_flutter_wkwebview:
    :path: ".symlinks/plugins/webview_flutter_wkwebview/ios"
  wechat_kit:
    :path: ".symlinks/plugins/wechat_kit/ios"

SPEC CHECKSUMS:
  audio_session: 088d2483ebd1dc43f51d253d4a1c517d9a2e7207
  connectivity_plus: 07c49e96d7fc92bc9920617b83238c4d178b446a
  device_info_plus: c6fb39579d0f423935b0c9ce7ee2f44b71b9fce6
  f_unity: 725a49c8f926d6739da3715cb853d815a9df9a84
  ffmpeg-kit-ios-https: 8dffbe1623a2f227be98fc314294847a97f818e4
  ffmpeg_kit_flutter: 17e9f35a4ec996ac55051c20be05240f2a0b53e8
  Flutter: f04841e97a9d0b0a8025694d0796dd46242b2854
  flutter_keyboard_visibility: 0339d06371254c3eb25eeb90ba8d17dca8f9c069
  flutter_local_notifications: 0c0b1ae97e741e1521e4c1629a459d04b9aec743
  http_proxy: 20f129d3e1c70cfdef92530b374c619832027729
  HydraAsync: 8d589bd725b0224f899afafc9a396327405f8063
  image_cropper: a3291c624a953049bc6a02e1f8c8ceb162a24b25
  image_editor_common: d6f6644ae4a6de80481e89fe6d0a8c49e30b4b43
  in_app_purchase_storekit: 9e9931234f0adcf71ae323f8c83785b96030edf1
  just_audio: baa7252489dbcf47a4c7cc9ca663e9661c99aafa
  libOpenInstallSDK: 5c5802d1bb5759d5509b0ce660461c6846b56f7b
  link_kit: d7bfc53a95ba13ef377f4c2dc208015a7902d21e
  media_kit_libs_ios_video: a5fe24bc7875ccd6378a0978c13185e1344651c1
  media_kit_native_event_loop: e6b2ab20cf0746eb1c33be961fcf79667304fa2a
  media_kit_video: 5da63f157170e5bf303bf85453b7ef6971218a2e
  oaid: a606cb40fed91907145c520c5b467b7ab7980785
  openinstall_flutter_plugin: e6b8486f834eb60b336546442a8b747d4b664cf4
  package_info_plus: 115f4ad11e0698c8c1c5d8a689390df880f47e85
  path_provider_foundation: 3784922295ac71e43754bd15e0653ccfd36a147c
  pay_plugin: cbc571cb4b2f903cabc5c512539def040e6f2abb
  permission_handler_apple: e76247795d700c14ea09e3a2d8855d41ee80a2e6
  photo_manager: 4f6810b7dfc4feb03b461ac1a70dacf91fba7604
  ReachabilitySwift: 2128f3a8c9107e1ad33574c6e58e8285d460b149
  record: cae05d8dd3cdb1dea3511b20e5a5811a1ae00d0d
  screen_brightness_ios: 715ca807df953bf676d339f11464e438143ee625
  share_plus: c3fef564749587fc939ef86ffb283ceac0baf9f5
  sqflite: 673a0e54cc04b7d6dba8d24fb8095b31c3a99eec
  tencent_cloud_chat_sdk: 6410615827c6d2f4141b2e36bcb103eac61460a6
  tencent_kit: 81ca28c061c5e239043b3a266f9316ab60141e1b
  tencent_trtc_cloud: 110bcd85006934314d3836346126c065218fb8b8
  TOCropViewController: edfd4f25713d56905ad1e0b9f5be3fbe0f59c863
  TXCustomBeautyProcesserPlugin: 099393b941cb40eda12b3a80bf6c0319957b1cfd
  TXIMSDK_Plus_iOS: c1304bbd65784fa736e96b09a298262d6fcc9412
  TXLiteAVSDK_Professional: 2f284284ae14c31309216c97577534a87545fafc
  url_launcher_ios: bbd758c6e7f9fd7b5b1d4cde34d2b95fcce5e812
  video_compress: fce97e4fb1dfd88175aa07d2ffc8a2f297f87fbe
  video_player_avfoundation: e9e6f9cae7d7a6d9b43519b0aab382bca60fcfd1
  volume_controller: 531ddf792994285c9b17f9d8a7e4dcdd29b3eae9
  wakelock: d0fc7c864128eac40eba1617cb5264d9c940b46f
  wakelock_plus: 8b09852c8876491e4b6d179e17dfe2a0b5f60d47
  webview_flutter_wkwebview: 4f3e50f7273d31e5500066ed267e3ae4309c5ae4
  wechat_kit: 72ef5bc9da4a5f40a95f6dab060763d6b7071137

PODFILE CHECKSUM: 2a0a8d69863bafb2e052d9d0e2baedd373b5deb2

COCOAPODS: 1.15.2
