PODS:
  - audio_session (0.0.1):
    - Flutter
  - connectivity_plus (0.0.1):
    - Flutter
    - ReachabilitySwift
  - DKImagePickerController/Core (4.3.4):
    - DKImagePickerController/ImageDataManager
    - DKImagePickerController/Resource
  - DKImagePickerController/ImageDataManager (4.3.4)
  - DKImagePickerController/PhotoGallery (4.3.4):
    - DKImagePickerController/Core
    - DKPhotoGallery
  - DKImagePickerController/Resource (4.3.4)
  - DKPhotoGallery (0.0.17):
    - DKPhotoGallery/Core (= 0.0.17)
    - DKPhotoGallery/Model (= 0.0.17)
    - DKPhotoGallery/Preview (= 0.0.17)
    - DKPhotoGallery/Resource (= 0.0.17)
    - SDWebImage
    - SwiftyGif
  - DKPhotoGallery/Core (0.0.17):
    - DKPhotoGallery/Model
    - DKPhotoGallery/Preview
    - SDWebImage
    - SwiftyGif
  - DKPhotoGallery/Model (0.0.17):
    - SDWebImage
    - SwiftyGif
  - DKPhotoGallery/Preview (0.0.17):
    - DKPhotoGallery/Model
    - DKPhotoGallery/Resource
    - SDWebImage
    - SwiftyGif
  - DKPhotoGallery/Resource (0.0.17):
    - SDWebImage
    - SwiftyGif
  - f_unity (0.0.1):
    - Flutter
  - ffmpeg-kit-ios-https (5.1)
  - ffmpeg_kit_flutter (5.1.0):
    - ffmpeg_kit_flutter/https (= 5.1.0)
    - Flutter
  - ffmpeg_kit_flutter/https (5.1.0):
    - ffmpeg-kit-ios-https (= 5.1)
    - Flutter
  - file_picker (0.0.1):
    - DKImagePickerController/PhotoGallery
    - Flutter
  - Flutter (1.0.0)
  - flutter_keyboard_visibility (0.0.1):
    - Flutter
  - flutter_local_notifications (0.0.1):
    - Flutter
  - flutter_mxlogger (0.0.1):
    - Flutter
    - MXLogger (= 1.2.5)
  - flutter_native_splash (0.0.1):
    - Flutter
  - FMDB (2.7.5):
    - FMDB/standard (= 2.7.5)
  - FMDB/standard (2.7.5)
  - http_proxy (0.0.1):
    - Flutter
  - HydraAsync (2.0.6)
  - image_editor_common (1.0.0):
    - Flutter
  - image_picker_ios (0.0.1):
    - Flutter
  - in_app_purchase_storekit (0.0.1):
    - Flutter
    - FlutterMacOS
  - just_audio (0.0.1):
    - Flutter
  - libOpenInstallSDK (2.8.0)
  - link_kit (1.0.1):
    - Flutter
    - link_kit/vendor (= 1.0.1)
  - link_kit/vendor (1.0.1):
    - Flutter
  - media_kit_libs_ios_video (1.0.4):
    - Flutter
  - media_kit_native_event_loop (1.0.0):
    - Flutter
  - media_kit_video (0.0.1):
    - Flutter
  - MXLogger (1.2.5):
    - MXLoggerCore (= 1.2.5)
  - MXLoggerCore (1.2.5)
  - openinstall_flutter_plugin (0.0.1):
    - Flutter
    - libOpenInstallSDK
  - package_info_plus (0.4.5):
    - Flutter
  - path_provider_foundation (0.0.1):
    - Flutter
    - FlutterMacOS
  - permission_handler_apple (9.1.1):
    - Flutter
  - photo_manager (2.0.0):
    - Flutter
    - FlutterMacOS
  - ReachabilitySwift (5.0.0)
  - record (0.0.1):
    - Flutter
  - screen_brightness_ios (0.1.0):
    - Flutter
  - SDWebImage (5.17.0):
    - SDWebImage/Core (= 5.17.0)
  - SDWebImage/Core (5.17.0)
  - share_plus (0.0.1):
    - Flutter
  - sqflite (0.0.3):
    - Flutter
    - FMDB (>= 2.7.5)
  - SwiftyGif (5.4.4)
  - tencent_cloud_chat_sdk (5.1.2):
    - Flutter
    - HydraAsync
    - TXIMSDK_Plus_iOS (>= 7.2.4146)
  - tencent_trtc_cloud (10.7):
    - Flutter
    - TXCustomBeautyProcesserPlugin (= 1.0.2)
    - TXLiteAVSDK_Professional (= 11.1.14143)
  - TXCustomBeautyProcesserPlugin (1.0.2)
  - TXIMSDK_Plus_iOS (7.3.4358)
  - TXLiteAVSDK_Professional (11.1.14143):
    - TXLiteAVSDK_Professional/Professional (= 11.1.14143)
  - TXLiteAVSDK_Professional/Professional (11.1.14143)
  - url_launcher_ios (0.0.1):
    - Flutter
  - video_compress (0.3.0):
    - Flutter
  - video_player_avfoundation (0.0.1):
    - Flutter
  - volume_controller (0.0.1):
    - Flutter
  - wakelock (0.0.1):
    - Flutter
  - wakelock_plus (0.0.1):
    - Flutter
  - webview_flutter_wkwebview (0.0.1):
    - Flutter
  - wechat_kit (5.0.3):
    - Flutter
    - wechat_kit/no_pay (= 5.0.3)
  - wechat_kit/no_pay (5.0.3):
    - Flutter

DEPENDENCIES:
  - audio_session (from `.symlinks/plugins/audio_session/ios`)
  - connectivity_plus (from `.symlinks/plugins/connectivity_plus/ios`)
  - f_unity (from `.symlinks/plugins/f_unity/ios`)
  - ffmpeg_kit_flutter (from `.symlinks/plugins/ffmpeg_kit_flutter/ios`)
  - file_picker (from `.symlinks/plugins/file_picker/ios`)
  - Flutter (from `Flutter`)
  - flutter_keyboard_visibility (from `.symlinks/plugins/flutter_keyboard_visibility/ios`)
  - flutter_local_notifications (from `.symlinks/plugins/flutter_local_notifications/ios`)
  - flutter_mxlogger (from `.symlinks/plugins/flutter_mxlogger/ios`)
  - flutter_native_splash (from `.symlinks/plugins/flutter_native_splash/ios`)
  - http_proxy (from `.symlinks/plugins/http_proxy/ios`)
  - image_editor_common (from `.symlinks/plugins/image_editor_common/ios`)
  - image_picker_ios (from `.symlinks/plugins/image_picker_ios/ios`)
  - in_app_purchase_storekit (from `.symlinks/plugins/in_app_purchase_storekit/darwin`)
  - just_audio (from `.symlinks/plugins/just_audio/ios`)
  - link_kit (from `.symlinks/plugins/link_kit/ios`)
  - media_kit_libs_ios_video (from `.symlinks/plugins/media_kit_libs_ios_video/ios`)
  - media_kit_native_event_loop (from `.symlinks/plugins/media_kit_native_event_loop/ios`)
  - media_kit_video (from `.symlinks/plugins/media_kit_video/ios`)
  - openinstall_flutter_plugin (from `.symlinks/plugins/openinstall_flutter_plugin/ios`)
  - package_info_plus (from `.symlinks/plugins/package_info_plus/ios`)
  - path_provider_foundation (from `.symlinks/plugins/path_provider_foundation/darwin`)
  - permission_handler_apple (from `.symlinks/plugins/permission_handler_apple/ios`)
  - photo_manager (from `.symlinks/plugins/photo_manager/ios`)
  - record (from `.symlinks/plugins/record/ios`)
  - screen_brightness_ios (from `.symlinks/plugins/screen_brightness_ios/ios`)
  - share_plus (from `.symlinks/plugins/share_plus/ios`)
  - sqflite (from `.symlinks/plugins/sqflite/ios`)
  - tencent_cloud_chat_sdk (from `.symlinks/plugins/tencent_cloud_chat_sdk/ios`)
  - tencent_trtc_cloud (from `.symlinks/plugins/tencent_trtc_cloud/ios`)
  - url_launcher_ios (from `.symlinks/plugins/url_launcher_ios/ios`)
  - video_compress (from `.symlinks/plugins/video_compress/ios`)
  - video_player_avfoundation (from `.symlinks/plugins/video_player_avfoundation/ios`)
  - volume_controller (from `.symlinks/plugins/volume_controller/ios`)
  - wakelock (from `.symlinks/plugins/wakelock/ios`)
  - wakelock_plus (from `.symlinks/plugins/wakelock_plus/ios`)
  - webview_flutter_wkwebview (from `.symlinks/plugins/webview_flutter_wkwebview/ios`)
  - wechat_kit (from `.symlinks/plugins/wechat_kit/ios`)

SPEC REPOS:
  trunk:
    - DKImagePickerController
    - DKPhotoGallery
    - ffmpeg-kit-ios-https
    - FMDB
    - HydraAsync
    - libOpenInstallSDK
    - MXLogger
    - MXLoggerCore
    - ReachabilitySwift
    - SDWebImage
    - SwiftyGif
    - TXCustomBeautyProcesserPlugin
    - TXIMSDK_Plus_iOS
    - TXLiteAVSDK_Professional

EXTERNAL SOURCES:
  audio_session:
    :path: ".symlinks/plugins/audio_session/ios"
  connectivity_plus:
    :path: ".symlinks/plugins/connectivity_plus/ios"
  f_unity:
    :path: ".symlinks/plugins/f_unity/ios"
  ffmpeg_kit_flutter:
    :path: ".symlinks/plugins/ffmpeg_kit_flutter/ios"
  file_picker:
    :path: ".symlinks/plugins/file_picker/ios"
  Flutter:
    :path: Flutter
  flutter_keyboard_visibility:
    :path: ".symlinks/plugins/flutter_keyboard_visibility/ios"
  flutter_local_notifications:
    :path: ".symlinks/plugins/flutter_local_notifications/ios"
  flutter_mxlogger:
    :path: ".symlinks/plugins/flutter_mxlogger/ios"
  flutter_native_splash:
    :path: ".symlinks/plugins/flutter_native_splash/ios"
  http_proxy:
    :path: ".symlinks/plugins/http_proxy/ios"
  image_editor_common:
    :path: ".symlinks/plugins/image_editor_common/ios"
  image_picker_ios:
    :path: ".symlinks/plugins/image_picker_ios/ios"
  in_app_purchase_storekit:
    :path: ".symlinks/plugins/in_app_purchase_storekit/darwin"
  just_audio:
    :path: ".symlinks/plugins/just_audio/ios"
  link_kit:
    :path: ".symlinks/plugins/link_kit/ios"
  media_kit_libs_ios_video:
    :path: ".symlinks/plugins/media_kit_libs_ios_video/ios"
  media_kit_native_event_loop:
    :path: ".symlinks/plugins/media_kit_native_event_loop/ios"
  media_kit_video:
    :path: ".symlinks/plugins/media_kit_video/ios"
  openinstall_flutter_plugin:
    :path: ".symlinks/plugins/openinstall_flutter_plugin/ios"
  package_info_plus:
    :path: ".symlinks/plugins/package_info_plus/ios"
  path_provider_foundation:
    :path: ".symlinks/plugins/path_provider_foundation/darwin"
  permission_handler_apple:
    :path: ".symlinks/plugins/permission_handler_apple/ios"
  photo_manager:
    :path: ".symlinks/plugins/photo_manager/ios"
  record:
    :path: ".symlinks/plugins/record/ios"
  screen_brightness_ios:
    :path: ".symlinks/plugins/screen_brightness_ios/ios"
  share_plus:
    :path: ".symlinks/plugins/share_plus/ios"
  sqflite:
    :path: ".symlinks/plugins/sqflite/ios"
  tencent_cloud_chat_sdk:
    :path: ".symlinks/plugins/tencent_cloud_chat_sdk/ios"
  tencent_trtc_cloud:
    :path: ".symlinks/plugins/tencent_trtc_cloud/ios"
  url_launcher_ios:
    :path: ".symlinks/plugins/url_launcher_ios/ios"
  video_compress:
    :path: ".symlinks/plugins/video_compress/ios"
  video_player_avfoundation:
    :path: ".symlinks/plugins/video_player_avfoundation/ios"
  volume_controller:
    :path: ".symlinks/plugins/volume_controller/ios"
  wakelock:
    :path: ".symlinks/plugins/wakelock/ios"
  wakelock_plus:
    :path: ".symlinks/plugins/wakelock_plus/ios"
  webview_flutter_wkwebview:
    :path: ".symlinks/plugins/webview_flutter_wkwebview/ios"
  wechat_kit:
    :path: ".symlinks/plugins/wechat_kit/ios"

SPEC CHECKSUMS:
  audio_session: 4f3e461722055d21515cf3261b64c973c062f345
  connectivity_plus: 07c49e96d7fc92bc9920617b83238c4d178b446a
  DKImagePickerController: b512c28220a2b8ac7419f21c491fc8534b7601ac
  DKPhotoGallery: fdfad5125a9fdda9cc57df834d49df790dbb4179
  f_unity: 725a49c8f926d6739da3715cb853d815a9df9a84
  ffmpeg-kit-ios-https: 8dffbe1623a2f227be98fc314294847a97f818e4
  ffmpeg_kit_flutter: 17e9f35a4ec996ac55051c20be05240f2a0b53e8
  file_picker: ce3938a0df3cc1ef404671531facef740d03f920
  Flutter: f04841e97a9d0b0a8025694d0796dd46242b2854
  flutter_keyboard_visibility: 0339d06371254c3eb25eeb90ba8d17dca8f9c069
  flutter_local_notifications: 0c0b1ae97e741e1521e4c1629a459d04b9aec743
  flutter_mxlogger: 77e81891f0b0cf394aa512b0e3260778f0eb0c79
  flutter_native_splash: 52501b97d1c0a5f898d687f1646226c1f93c56ef
  FMDB: 2ce00b547f966261cd18927a3ddb07cb6f3db82a
  http_proxy: 20f129d3e1c70cfdef92530b374c619832027729
  HydraAsync: 8d589bd725b0224f899afafc9a396327405f8063
  image_editor_common: d6f6644ae4a6de80481e89fe6d0a8c49e30b4b43
  image_picker_ios: 4a8aadfbb6dc30ad5141a2ce3832af9214a705b5
  in_app_purchase_storekit: 4fb7ee9e824b1f09107fbfbbce8c4b276366dc43
  just_audio: baa7252489dbcf47a4c7cc9ca663e9661c99aafa
  libOpenInstallSDK: 3c24ebe6cc0eb7856918023f07b2e8d3202c7db8
  link_kit: d7bfc53a95ba13ef377f4c2dc208015a7902d21e
  media_kit_libs_ios_video: a5fe24bc7875ccd6378a0978c13185e1344651c1
  media_kit_native_event_loop: 9f9eb778d0d806ab9486eff7513f7f90f07d50f8
  media_kit_video: 5da63f157170e5bf303bf85453b7ef6971218a2e
  MXLogger: dfb2200493abbad1bab08e200bed73f4a30f2fa6
  MXLoggerCore: 31d90b8f080d5769f982b9a4fc8c21267fb07a97
  openinstall_flutter_plugin: e6b8486f834eb60b336546442a8b747d4b664cf4
  package_info_plus: fd030dabf36271f146f1f3beacd48f564b0f17f7
  path_provider_foundation: eaf5b3e458fc0e5fbb9940fb09980e853fe058b8
  permission_handler_apple: e76247795d700c14ea09e3a2d8855d41ee80a2e6
  photo_manager: 4f6810b7dfc4feb03b461ac1a70dacf91fba7604
  ReachabilitySwift: 985039c6f7b23a1da463388634119492ff86c825
  record: cae05d8dd3cdb1dea3511b20e5a5811a1ae00d0d
  screen_brightness_ios: 715ca807df953bf676d339f11464e438143ee625
  SDWebImage: 750adf017a315a280c60fde706ab1e552a3ae4e9
  share_plus: 599aa54e4ea31d4b4c0e9c911bcc26c55e791028
  sqflite: 31f7eba61e3074736dff8807a9b41581e4f7f15a
  SwiftyGif: 93a1cc87bf3a51916001cf8f3d63835fb64c819f
  tencent_cloud_chat_sdk: 8a2bceccaf81e7f922e7b6509ab93c39c3884dda
  tencent_trtc_cloud: 8e7982c2423cb0187cefedd4a1d913767a778536
  TXCustomBeautyProcesserPlugin: 099393b941cb40eda12b3a80bf6c0319957b1cfd
  TXIMSDK_Plus_iOS: bc72c7cec1b5e975c3cc6629692c849513a932f5
  TXLiteAVSDK_Professional: a20fdf458f2e9c1c24cc4219310707c74d410d1c
  url_launcher_ios: 08a3dfac5fb39e8759aeb0abbd5d9480f30fc8b4
  video_compress: fce97e4fb1dfd88175aa07d2ffc8a2f297f87fbe
  video_player_avfoundation: 81e49bb3d9fb63dccf9fa0f6d877dc3ddbeac126
  volume_controller: 531ddf792994285c9b17f9d8a7e4dcdd29b3eae9
  wakelock: d0fc7c864128eac40eba1617cb5264d9c940b46f
  wakelock_plus: 8b09852c8876491e4b6d179e17dfe2a0b5f60d47
  webview_flutter_wkwebview: 2e2d318f21a5e036e2c3f26171342e95908bd60a
  wechat_kit: 72ef5bc9da4a5f40a95f6dab060763d6b7071137

PODFILE CHECKSUM: 16bb13b57442a74762b5010ee9fa082d34128898

COCOAPODS: 1.13.0
